
Microsoft Visual Studio Solution File, Format Version 12.00
# Visual Studio Version 17
VisualStudioVersion = 17.10.35122.118
MinimumVisualStudioVersion = 10.0.40219.1
Project("{8BC9CEB8-8B4A-11D0-8D11-00A0C91BC942}") = "HelloAlgo", "HelloAlgo\HelloAlgo.vcxproj", "{C1738E50-98D9-4490-8670-2B5E1182A348}"
EndProject
Project("{8BC9CEB8-8B4A-11D0-8D11-00A0C91BC942}") = "ArrayTest", "ArrayTest\ArrayTest.vcxproj", "{84F7CFEF-609D-4F09-A397-BBABF8873F9A}"
EndProject
Project("{8BC9CEB8-8B4A-11D0-8D11-00A0C91BC942}") = "ListTemp", "ListTemp\ListTemp.vcxproj", "{74A2F5F6-87B9-4BFB-A946-AE68F1220FCE}"
EndProject
Project("{8BC9CEB8-8B4A-11D0-8D11-00A0C91BC942}") = "StackTest", "StackTest\StackTest.vcxproj", "{24D12BD2-ADE1-4E5E-8288-EA6B679BA1C3}"
EndProject
Project("{8BC9CEB8-8B4A-11D0-8D11-00A0C91BC942}") = "QueueTest", "QueueTest\QueueTest.vcxproj", "{6711E0EF-0198-4201-90A8-F62636F9829D}"
EndProject
Project("{8BC9CEB8-8B4A-11D0-8D11-00A0C91BC942}") = "RecursiveTest", "RecursiveTest\RecursiveTest.vcxproj", "{8934F050-89BF-4E26-9B48-7ABB7938719C}"
EndProject
Project("{8BC9CEB8-8B4A-11D0-8D11-00A0C91BC942}") = "SortTest", "SortTest\SortTest.vcxproj", "{BABC12F7-8EC0-4C8F-A543-D93EB9A824C2}"
EndProject
Project("{8BC9CEB8-8B4A-11D0-8D11-00A0C91BC942}") = "BtsTest", "BtsTest\BtsTest.vcxproj", "{0E561036-A6F7-45F1-BBF4-8F08826C48F7}"
EndProject
Project("{8BC9CEB8-8B4A-11D0-8D11-00A0C91BC942}") = "TreeTest", "TreeTest\TreeTest.vcxproj", "{289C173C-BDAF-4E6B-9C66-0A56F87945F0}"
EndProject
Project("{8BC9CEB8-8B4A-11D0-8D11-00A0C91BC942}") = "SetMapTest", "SetMapTest\SetMapTest.vcxproj", "{856A1A60-A9E8-45FB-9905-1B23D24303D5}"
EndProject
Global
	GlobalSection(SolutionConfigurationPlatforms) = preSolution
		Debug|x64 = Debug|x64
		Debug|x86 = Debug|x86
		Release|x64 = Release|x64
		Release|x86 = Release|x86
	EndGlobalSection
	GlobalSection(ProjectConfigurationPlatforms) = postSolution
		{C1738E50-98D9-4490-8670-2B5E1182A348}.Debug|x64.ActiveCfg = Debug|x64
		{C1738E50-98D9-4490-8670-2B5E1182A348}.Debug|x64.Build.0 = Debug|x64
		{C1738E50-98D9-4490-8670-2B5E1182A348}.Debug|x86.ActiveCfg = Debug|Win32
		{C1738E50-98D9-4490-8670-2B5E1182A348}.Debug|x86.Build.0 = Debug|Win32
		{C1738E50-98D9-4490-8670-2B5E1182A348}.Release|x64.ActiveCfg = Release|x64
		{C1738E50-98D9-4490-8670-2B5E1182A348}.Release|x64.Build.0 = Release|x64
		{C1738E50-98D9-4490-8670-2B5E1182A348}.Release|x86.ActiveCfg = Release|Win32
		{C1738E50-98D9-4490-8670-2B5E1182A348}.Release|x86.Build.0 = Release|Win32
		{84F7CFEF-609D-4F09-A397-BBABF8873F9A}.Debug|x64.ActiveCfg = Debug|x64
		{84F7CFEF-609D-4F09-A397-BBABF8873F9A}.Debug|x64.Build.0 = Debug|x64
		{84F7CFEF-609D-4F09-A397-BBABF8873F9A}.Debug|x86.ActiveCfg = Debug|Win32
		{84F7CFEF-609D-4F09-A397-BBABF8873F9A}.Debug|x86.Build.0 = Debug|Win32
		{84F7CFEF-609D-4F09-A397-BBABF8873F9A}.Release|x64.ActiveCfg = Release|x64
		{84F7CFEF-609D-4F09-A397-BBABF8873F9A}.Release|x64.Build.0 = Release|x64
		{84F7CFEF-609D-4F09-A397-BBABF8873F9A}.Release|x86.ActiveCfg = Release|Win32
		{84F7CFEF-609D-4F09-A397-BBABF8873F9A}.Release|x86.Build.0 = Release|Win32
		{74A2F5F6-87B9-4BFB-A946-AE68F1220FCE}.Debug|x64.ActiveCfg = Debug|x64
		{74A2F5F6-87B9-4BFB-A946-AE68F1220FCE}.Debug|x64.Build.0 = Debug|x64
		{74A2F5F6-87B9-4BFB-A946-AE68F1220FCE}.Debug|x86.ActiveCfg = Debug|Win32
		{74A2F5F6-87B9-4BFB-A946-AE68F1220FCE}.Debug|x86.Build.0 = Debug|Win32
		{74A2F5F6-87B9-4BFB-A946-AE68F1220FCE}.Release|x64.ActiveCfg = Release|x64
		{74A2F5F6-87B9-4BFB-A946-AE68F1220FCE}.Release|x64.Build.0 = Release|x64
		{74A2F5F6-87B9-4BFB-A946-AE68F1220FCE}.Release|x86.ActiveCfg = Release|Win32
		{74A2F5F6-87B9-4BFB-A946-AE68F1220FCE}.Release|x86.Build.0 = Release|Win32
		{24D12BD2-ADE1-4E5E-8288-EA6B679BA1C3}.Debug|x64.ActiveCfg = Debug|x64
		{24D12BD2-ADE1-4E5E-8288-EA6B679BA1C3}.Debug|x64.Build.0 = Debug|x64
		{24D12BD2-ADE1-4E5E-8288-EA6B679BA1C3}.Debug|x86.ActiveCfg = Debug|Win32
		{24D12BD2-ADE1-4E5E-8288-EA6B679BA1C3}.Debug|x86.Build.0 = Debug|Win32
		{24D12BD2-ADE1-4E5E-8288-EA6B679BA1C3}.Release|x64.ActiveCfg = Release|x64
		{24D12BD2-ADE1-4E5E-8288-EA6B679BA1C3}.Release|x64.Build.0 = Release|x64
		{24D12BD2-ADE1-4E5E-8288-EA6B679BA1C3}.Release|x86.ActiveCfg = Release|Win32
		{24D12BD2-ADE1-4E5E-8288-EA6B679BA1C3}.Release|x86.Build.0 = Release|Win32
		{6711E0EF-0198-4201-90A8-F62636F9829D}.Debug|x64.ActiveCfg = Debug|x64
		{6711E0EF-0198-4201-90A8-F62636F9829D}.Debug|x64.Build.0 = Debug|x64
		{6711E0EF-0198-4201-90A8-F62636F9829D}.Debug|x86.ActiveCfg = Debug|Win32
		{6711E0EF-0198-4201-90A8-F62636F9829D}.Debug|x86.Build.0 = Debug|Win32
		{6711E0EF-0198-4201-90A8-F62636F9829D}.Release|x64.ActiveCfg = Release|x64
		{6711E0EF-0198-4201-90A8-F62636F9829D}.Release|x64.Build.0 = Release|x64
		{6711E0EF-0198-4201-90A8-F62636F9829D}.Release|x86.ActiveCfg = Release|Win32
		{6711E0EF-0198-4201-90A8-F62636F9829D}.Release|x86.Build.0 = Release|Win32
		{8934F050-89BF-4E26-9B48-7ABB7938719C}.Debug|x64.ActiveCfg = Debug|x64
		{8934F050-89BF-4E26-9B48-7ABB7938719C}.Debug|x64.Build.0 = Debug|x64
		{8934F050-89BF-4E26-9B48-7ABB7938719C}.Debug|x86.ActiveCfg = Debug|Win32
		{8934F050-89BF-4E26-9B48-7ABB7938719C}.Debug|x86.Build.0 = Debug|Win32
		{8934F050-89BF-4E26-9B48-7ABB7938719C}.Release|x64.ActiveCfg = Release|x64
		{8934F050-89BF-4E26-9B48-7ABB7938719C}.Release|x64.Build.0 = Release|x64
		{8934F050-89BF-4E26-9B48-7ABB7938719C}.Release|x86.ActiveCfg = Release|Win32
		{8934F050-89BF-4E26-9B48-7ABB7938719C}.Release|x86.Build.0 = Release|Win32
		{BABC12F7-8EC0-4C8F-A543-D93EB9A824C2}.Debug|x64.ActiveCfg = Debug|x64
		{BABC12F7-8EC0-4C8F-A543-D93EB9A824C2}.Debug|x64.Build.0 = Debug|x64
		{BABC12F7-8EC0-4C8F-A543-D93EB9A824C2}.Debug|x86.ActiveCfg = Debug|Win32
		{BABC12F7-8EC0-4C8F-A543-D93EB9A824C2}.Debug|x86.Build.0 = Debug|Win32
		{BABC12F7-8EC0-4C8F-A543-D93EB9A824C2}.Release|x64.ActiveCfg = Release|x64
		{BABC12F7-8EC0-4C8F-A543-D93EB9A824C2}.Release|x64.Build.0 = Release|x64
		{BABC12F7-8EC0-4C8F-A543-D93EB9A824C2}.Release|x86.ActiveCfg = Release|Win32
		{BABC12F7-8EC0-4C8F-A543-D93EB9A824C2}.Release|x86.Build.0 = Release|Win32
		{0E561036-A6F7-45F1-BBF4-8F08826C48F7}.Debug|x64.ActiveCfg = Debug|x64
		{0E561036-A6F7-45F1-BBF4-8F08826C48F7}.Debug|x64.Build.0 = Debug|x64
		{0E561036-A6F7-45F1-BBF4-8F08826C48F7}.Debug|x86.ActiveCfg = Debug|Win32
		{0E561036-A6F7-45F1-BBF4-8F08826C48F7}.Debug|x86.Build.0 = Debug|Win32
		{0E561036-A6F7-45F1-BBF4-8F08826C48F7}.Release|x64.ActiveCfg = Release|x64
		{0E561036-A6F7-45F1-BBF4-8F08826C48F7}.Release|x64.Build.0 = Release|x64
		{0E561036-A6F7-45F1-BBF4-8F08826C48F7}.Release|x86.ActiveCfg = Release|Win32
		{0E561036-A6F7-45F1-BBF4-8F08826C48F7}.Release|x86.Build.0 = Release|Win32
		{289C173C-BDAF-4E6B-9C66-0A56F87945F0}.Debug|x64.ActiveCfg = Debug|x64
		{289C173C-BDAF-4E6B-9C66-0A56F87945F0}.Debug|x64.Build.0 = Debug|x64
		{289C173C-BDAF-4E6B-9C66-0A56F87945F0}.Debug|x86.ActiveCfg = Debug|Win32
		{289C173C-BDAF-4E6B-9C66-0A56F87945F0}.Debug|x86.Build.0 = Debug|Win32
		{289C173C-BDAF-4E6B-9C66-0A56F87945F0}.Release|x64.ActiveCfg = Release|x64
		{289C173C-BDAF-4E6B-9C66-0A56F87945F0}.Release|x64.Build.0 = Release|x64
		{289C173C-BDAF-4E6B-9C66-0A56F87945F0}.Release|x86.ActiveCfg = Release|Win32
		{289C173C-BDAF-4E6B-9C66-0A56F87945F0}.Release|x86.Build.0 = Release|Win32
		{856A1A60-A9E8-45FB-9905-1B23D24303D5}.Debug|x64.ActiveCfg = Debug|x64
		{856A1A60-A9E8-45FB-9905-1B23D24303D5}.Debug|x64.Build.0 = Debug|x64
		{856A1A60-A9E8-45FB-9905-1B23D24303D5}.Debug|x86.ActiveCfg = Debug|Win32
		{856A1A60-A9E8-45FB-9905-1B23D24303D5}.Debug|x86.Build.0 = Debug|Win32
		{856A1A60-A9E8-45FB-9905-1B23D24303D5}.Release|x64.ActiveCfg = Release|x64
		{856A1A60-A9E8-45FB-9905-1B23D24303D5}.Release|x64.Build.0 = Release|x64
		{856A1A60-A9E8-45FB-9905-1B23D24303D5}.Release|x86.ActiveCfg = Release|Win32
		{856A1A60-A9E8-45FB-9905-1B23D24303D5}.Release|x86.Build.0 = Release|Win32
	EndGlobalSection
	GlobalSection(SolutionProperties) = preSolution
		HideSolutionNode = FALSE
	EndGlobalSection
	GlobalSection(ExtensibilityGlobals) = postSolution
		SolutionGuid = {B7D67672-E01B-4793-9902-EB2876CAAF2D}
	EndGlobalSection
EndGlobal
